
Microsoft Visual Studio Solution File, Format Version 12.00
# Visual Studio Version 17
VisualStudioVersion = 17.13.35931.197
MinimumVisualStudioVersion = 10.0.40219.1
Project("{FAE04EC0-301F-11D3-BF4B-00C04F79EFBC}") = "Tanzania Artifacts MarketPlace System(NEW 1)", "Tanzania Artifacts MarketPlace System(NEW 1)\Tanzania Artifacts MarketPlace System(NEW 1).csproj", "{9E6873DB-5CC5-4CB1-AF9A-A3FDDCFFB5BC}"
EndProject
Global
	GlobalSection(SolutionConfigurationPlatforms) = preSolution
		Debug|Any CPU = Debug|Any CPU
		Release|Any CPU = Release|Any CPU
	EndGlobalSection
	GlobalSection(ProjectConfigurationPlatforms) = postSolution
		{9E6873DB-5CC5-4CB1-AF9A-A3FDDCFFB5BC}.Debug|Any CPU.ActiveCfg = Debug|Any CPU
		{9E6873DB-5CC5-4CB1-AF9A-A3FDDCFFB5BC}.Debug|Any CPU.Build.0 = Debug|Any CPU
		{9E6873DB-5CC5-4CB1-AF9A-A3FDDCFFB5BC}.Release|Any CPU.ActiveCfg = Release|Any CPU
		{9E6873DB-5CC5-4CB1-AF9A-A3FDDCFFB5BC}.Release|Any CPU.Build.0 = Release|Any CPU
	EndGlobalSection
	GlobalSection(SolutionProperties) = preSolution
		HideSolutionNode = FALSE
	EndGlobalSection
	GlobalSection(ExtensibilityGlobals) = postSolution
		SolutionGuid = {EE953038-1287-4558-93E2-509EA1FB2F12}
	EndGlobalSection
EndGlobal
